
Microsoft Visual Studio Solution File, Format Version 12.00
# Visual Studio Version 16
VisualStudioVersion = 16.0.30523.141
MinimumVisualStudioVersion = 10.0.40219.1
Project("{FAE04EC0-301F-11D3-BF4B-00C04F79EFBC}") = "Calculatrice", "Calculatrice\Calculatrice.csproj", "{EB61CF3A-4818-4DCF-8512-0CF674784B8B}"
EndProject
Global
	GlobalSection(SolutionConfigurationPlatforms) = preSolution
		Debug|Any CPU = Debug|Any CPU
		Release|Any CPU = Release|Any CPU
	EndGlobalSection
	GlobalSection(ProjectConfigurationPlatforms) = postSolution
		{EB61CF3A-4818-4DCF-8512-0CF674784B8B}.Debug|Any CPU.ActiveCfg = Debug|Any CPU
		{EB61CF3A-4818-4DCF-8512-0CF674784B8B}.Debug|Any CPU.Build.0 = Debug|Any CPU
		{EB61CF3A-4818-4DCF-8512-0CF674784B8B}.Release|Any CPU.ActiveCfg = Release|Any CPU
		{EB61CF3A-4818-4DCF-8512-0CF674784B8B}.Release|Any CPU.Build.0 = Release|Any CPU
	EndGlobalSection
	GlobalSection(SolutionProperties) = preSolution
		HideSolutionNode = FALSE
	EndGlobalSection
	GlobalSection(ExtensibilityGlobals) = postSolution
		SolutionGuid = {BF5ED747-3CF5-4C0B-BDE9-931A34E066C6}
	EndGlobalSection
EndGlobal
